{
    "_meta": {
        "hash": {
            "sha256": "7edba2dcf052f275aa7f9e08bedd47b50fed811d935a6244b734a25d56d37751"
        },
        "pipfile-spec": 6,
        "requires": {
            "python_version": "3.12"
        },
        "sources": [
            {
                "name": "pypi",
                "url": "https://pypi.python.org/simple",
                "verify_ssl": true
            }
        ]
    },
    "default": {
        "certifi": {
            "hashes": [
                "sha256:024c88eeec92ca068db80f02b8b07c9cef7b9fe261d1d535abfd5abd6f6af432",
                "sha256:2227dcbaafe0d2f59279d1762ddddc37783ed4354594f194ffc31d20f41fc3db"
            ],
            "markers": "python_version >= '3.7'",
            "version": "==2026.6.17"
        },
        "charset-normalizer": {
            "hashes": [
                "sha256:0317406326fed512f42a1632ad91a96228a7616c06547666a6dd79967f1bd6ca",
                "sha256:057f8609f7341618c98e5aa9a6109fa116acff2a658497d47ab3325b5e8f2b08",
                "sha256:05811b76943d477bb90822dedb5c4565cef70148847a59d574e2b35043aeb563",
                "sha256:06238276da3d880d858a4221d6b968bccc18ca3cbe71f6c5c2de86abb7929ffe",
                "sha256:0752c849b51198267df2aba013c4de3a2955bd014a4fd70828809946c1acbc0c",
                "sha256:0c926329a1df7cd56d7d8349fe354460d20aefd2e394c9e159e479d018b2b359",
                "sha256:0ca66f45d56ac15f1f6799334d9be44c6ded6d36cc6cbaaa25f96f64bae8d861",
                "sha256:0d08f2b7171517aa86ddf0eaba25bc7ac8576d401f2da8764403cf0e876f796b",
                "sha256:0d869b0ca97fccee19e6c3304cc2b6e771ba9205e3e44427b9529c288f517fb8",
                "sha256:1004c3b5831a301dadfb9e916f38e78e2ff3e08db24a1ad7c354db8ee3dea9c3",
                "sha256:14a4bbe066f3fb05c6ba70e9cf9d34614b57a2fd70ea8c27cc30f34155e16a58",
                "sha256:1936e48214adea74922a20c8ab41b1393ae27cc9e329eb1f0b937d3416824f36",
                "sha256:1a73dce145956ff798968aea0478f905c8e43715ea0af995ebaaefca2c1270c8",
                "sha256:1bfd4bf262d6f26805cc6a32dae2554db66ef7533e6c62cc12644d3882be05e5",
                "sha256:1c16cb4fc35e4b064f5ee78d849f15a550ada1729c3372916672e38f1f01d1d4",
                "sha256:1cd73e9f7d506568f602169dce4f27f8188d59b9d67a440975ca2623494abae7",
                "sha256:1f8e3521860187d597f3867d8466da225b9179ea2833bb26de1bb026144d07c3",
                "sha256:21e4dbb942c8a6342e2685f232dd2a7bc73465697bd26ead4f118271d28be383",
                "sha256:2232baea80a2b01783679fed4e625ccdb19a974f44c9cf0fba21a777a4c8179c",
                "sha256:23c40d25fe581d34ff0ef7ff1ca1527f5c51c5c6edf0b8384eeafac4a0438469",
                "sha256:23ed6db469275bff3ef7617ddda52ae35f385a915ae0bc8858500e360e111523",
                "sha256:25f93d194eb6264c64416cabff46a91f6d99b97e7525a1b4f35c77a99e75cc68",
                "sha256:2970b9f7ab69ec3a0423ec6b6ac718e79fbf4a282c0bc103ef88c1ef50dfa15a",
                "sha256:2a4707e09eca11e81ece4fced600c5a0a801f568b962244f6f517bc274745fc9",
                "sha256:2b5b0c0dca0a02c3f816f89abf18af3d20416dedbc3d3aa5f3981045f88ae7b0",
                "sha256:2e9f0db12ea28a3349e514443fc56d4b1fb3c81d0f9c0e33dacfdfc2ac63f774",
                "sha256:2fbd0edb0426ab28e70fac9d1d4ef549eb5a64a2521f0428c441d75e4387e6c2",
                "sha256:30b8e00869449b0baf2eaef48a0aefff4372e792ee6c00e03561cecb4fecd2fd",
                "sha256:324170f5221b21c5f3ea31e668a2b27887f3cd4196b00c01be88feeeff6626cf",
                "sha256:35d9e7a9c960520ae89d1f4e305d1c047a74dea2e0f73a0e84f879356c2e8776",
                "sha256:3731936f612754018aeb99fafc4381b6d80ed9165f2dba719c4e1afca0177048",
                "sha256:3809ba5d3cd02aca0894597f2669a825bdfe2229061515c128b0f4e5533b4ab5",
                "sha256:3868a3e4ec1e40b419e060d063f93eac6f046fa21426c4816421223ae7dc8ab8",
                "sha256:3c0086d97094363556206dc3bcf43f7edcfc043ea7a568a46f45efea74858bd1",
                "sha256:3eaee88c39b7bb2fd0708dedadbacd7b74d6d34323f2b1a57bb3ab547a7ea4a4",
                "sha256:42f568c1c4e6f037c1167c64d48eb205380d9f041ca0139763ba8fc1bcdbcd2b",
                "sha256:44464e66f4da2f21dea7145c7693f9f60717ca4794a954dea5bf8c2c932678bd",
                "sha256:458c2972a78043b7261c9726670029f15f722e70669bcbe961153a01968f589f",
                "sha256:4b1f25c6e376033f31463d66f8bb01ae77a128ca11c6677c69ed8e9ce913bbf9",
                "sha256:50a0c2e58ad2c203adb616fef28941b7e13716adbc25e0dfaeec29f5afe6382f",
                "sha256:511851c35e4ec8f4be773acd2c0222a7ec6b63971fea8988103632896f174b4b",
                "sha256:524939917f17f6de502dfda30b472550965740d7f126659d4c4f8dd1569cce22",
                "sha256:593403fc47dcdf55e2987b2e3cc2e064127e2b908929f1f18b2e4a4652cbd780",
                "sha256:5b56f449132d9adefe55b87635d05177a914ed5d070438a74725e1d77a280002",
                "sha256:606088e9fa2b7469ab9c42d4da8e05a415622a07714edd2fcd8fed48dda4c853",
                "sha256:60883e22821d17c9e5b4f3ca1ef8074f766e3db28791f851b665929c515635c0",
                "sha256:6187d0eedbcf1733aa0ee55185e7c33d9f6a4fe8f54c1356583243f37b0debc0",
                "sha256:65c389b96c0cfff3a3f0458fa1c7ce554a30e23101a88a49f03997afce6a929f",
                "sha256:66c9eaaba3d5b84ca5e5e4a890dc3ff67616d074220a5c7ca1dc8812c5ae5703",
                "sha256:6809e40a8876eb4742676fbbb57056c0344ef2555e5597d4343f0b365953afdd",
                "sha256:6a6d86d1f710bf0423887a1c6ab497ad2cf7f803e8eaafa7ccbfb53d2a965fd0",
                "sha256:6a8e6b9024c62414617cf7b679a6fd833dda428e11e933927193153aa9f0019a",
                "sha256:6e88da593ea098194ea08f58924b716a9ae0c39058edad8c5c9b0bafa39fbd56",
                "sha256:7570a4b695cc6375061393e2e6774813b9682a88b4970878183d1c91eb277e0e",
                "sha256:77e993ecf65f21ab1f82266ff5e84a7de2c879e7d9b8bc006009df83f22a1d5e",
                "sha256:79e402b869f270140afa5e2b0e2ac100585358d812fe3dd093d424f7a72964e0",
                "sha256:815654d356a29fc9185c7f60c9dc0175d7ae52800b3ea228b046a30468f5a0a6",
                "sha256:825e5c2fb57d2065250e12dfeb414d780e7da242b371d5a78814d3ef40d63fde",
                "sha256:84bcae14c65e645ca66b661339183d32b8c846a17c96e3e81ab3d346e1c498d4",
                "sha256:8a1e589fdb95c76f08288bbb346230cdd8994db74903db6637b380f7b5fc9336",
                "sha256:8b654b6f52a0a9a6be38e88f3e1dc68f1093ebeb2abbadafc7c82da0786a34be",
                "sha256:8ca83574f63f71b485da1c50d4e17bcef7375a56b459a861562554f1fbaac1a4",
                "sha256:8ea67f427c073ae3da0923aa55f3715131fa613a61a7f2f8d762bde75eaf00ae",
                "sha256:91db7d66b7230e9af0a539062ccfc854640572ce6c07d7113b1ff9607ac1ba79",
                "sha256:92e322b054c7ff886f78feab7360736bb45de2e18cf4a0ee84e8fc5a08d53a19",
                "sha256:9421549d803f0f712aa6e1496d15ff5ac510fc4c7104e7e299ea1d498d582d59",
                "sha256:9840cca6969a7e35498f1ce6fc32b7842500783d303b5ab254679a0f591093c4",
                "sha256:98a91c8dce056a858385cf147eb196ae4d2b35315c2bfc8151ff4027707247e1",
                "sha256:9a2748f7588b0c1e5166db3a9448fe86e392479aded89b0c86382d41cade91a2",
                "sha256:9e44127f7d11eee4548ad2cdf1f4e1b6eaaddd5cb92d15ad65f6ecc9bcf403ab",
                "sha256:a4508989ba8e2ce43ef989453d18188b261546e8188cbdd4ef451fb9e4c3b467",
                "sha256:a922bb43ee1742513e410df4bb62ef44c94b82efba51ce9297cac1ba39cc8bfd",
                "sha256:ab07eb7b564635602734c3ef0e8d2db9d59cbbce54f5dc42b8f11aa1f56ce364",
                "sha256:ac961d07606d72a34755cd7114a6d17487d057b02e8447122f2294b59802b30d",
                "sha256:ad320cccde0bbe430fe3a0e5ef3f17b16ef7cfe496603d7b3a153aa204e093e5",
                "sha256:b27d43e75185d75449559a29dca37e656a75ae08d2e750d40439d37c8d6210f5",
                "sha256:b3d7c887444c5a7ef0d68d358d81e758a850bc626f8e639e2ca5667153272b20",
                "sha256:b4e4d44b8287aa13a25e16e29393d494b0643b24894f7c8266c6f6788dd36337",
                "sha256:b67d50ee47e5c57a0064a9cb575b963a7125819dfd1fd094d44d378fff94659b",
                "sha256:b7c1fb310df524e01fbe84d43b7f95aa4f808f8eaa0dafc185f64ba395e37d54",
                "sha256:ba191a019f567339cff1cf861e311a5c442477d91f2ece3ad683f7b004976aae",
                "sha256:bae1f52a68a5dcc1fcb65db69895638654be9a45716c47a5a192552a52925662",
                "sha256:bb90317359f7e67bb6df615999a95e0980877468e617ddce8b6c2f8e7fe60d95",
                "sha256:bde2fd87539f4a023ae8d699f51cd3d359ba79a42953fc03afde80bedf52ffc0",
                "sha256:c591f9a82adc5b89a039b90df74e43de2b9177fb46771172bed7b80722a70db0",
                "sha256:ca832d525a2a52542048111cb44e0dea595b9ad53ad542020aa770f308427b92",
                "sha256:ca8776b012d464136c239f51133120db94397bc69f3faee404ff8c99827f8192",
                "sha256:ccb9052771216170015f810b88065fd9e13b1e0b391f92abb9b47e0919a42aad",
                "sha256:d2d5a250ee26e29468b7607d97479221b069fa8aaf6f929ac84ec0e962e15154",
                "sha256:d9bf144d6faf12c70d58e47f7512992ae2882b820031d6cef68152deb645bf2d",
                "sha256:dafb42a6c88e32887ff08fe1e2d90a3f97e5b68d175e0cc4352a8d7a7967f767",
                "sha256:de63c31666a049f653ada24e800192e3c019e96bc7d70fb449a000bccf26a36f",
                "sha256:dfce5e536054cf15a14576ecb08913e2e9ceff4cc1da2919694cdb2b45b5c64f",
                "sha256:e38edde6379af48ed4b2d27ca550dd87c67be92634794a5d6bf37bf7f1bae857",
                "sha256:e787c695c6be73c17e7e9f76e6d134205ff3282ce0e77ba2fda1ca90162f01c1",
                "sha256:e88c08c417416011982ca268812437fadb109852a405876ccae0409d150d857e",
                "sha256:ee6a62492f18d432cca031fabd158f400a8c25bf7b9458f50953393a2a23d97a",
                "sha256:f191c19a32dc6cec0fb8079789d786254653a9ce906fcab04ccd2eed07bba233",
                "sha256:f2bd1869ae6cd2793e51bfacebd1495595c1c007c2dfcfd6874b4a804f29bc7c",
                "sha256:f44633a518ef0889dc7e28dde2e18616f8e932e2d17d9c9ccdbbef40aa3a6794",
                "sha256:f68545d1b267dbfafd5d253b6d1cb161562c4e61ab25b5c4cdb7d9e5923e441e",
                "sha256:faac37c4904598daa00cb4c9b32f3b4cc814fb5f145d7a531ceb4a70f2114132",
                "sha256:fc67b103ed826abf819f35b030cbc0eb70ecc87e97f75f461cec18c9d2bffb53",
                "sha256:fe5f2eaae114c077b7a39bc7530219249b77f5de805f775ed2d51bd3689986ca",
                "sha256:ff71018850863362e5c7533769d0a9f77715c31af1502d523630ce822922f5c9"
            ],
            "markers": "python_version >= '3.7'",
            "version": "==3.4.8"
        },
        "fastjsonschema": {
            "hashes": [
                "sha256:1c797122d0a86c5cace2e54bf4e819c36223b552017172f32c5c024a6b77e463",
                "sha256:b1eb43748041c880796cd077f1a07c3d94e93ae84bba5ed36800a33554ae05de"
            ],
            "index": "pypi",
            "version": "==2.21.2"
        },
        "idna": {
            "hashes": [
                "sha256:7f952cbe720b688055e3f87de14f5c3e5fdaa8bc3928985c4077ca689de849a2",
                "sha256:ffb385a7e039654cef1ab9ef32c6fafe283c0c0467bba1d9029738ce4a14a848"
            ],
            "markers": "python_version >= '3.9'",
            "version": "==3.18"
        },
        "requests": {
            "hashes": [
                "sha256:2a0d60c172f83ac6ab31e4554906c0f3b3588d37b5cb939b1c061f4907e278e0",
                "sha256:f288924cae4e29463698d6d60bc6a4da69c89185ad1e0bcc4104f584e960b9ed"
            ],
            "index": "pypi",
            "markers": "python_version >= '3.10'",
            "version": "==2.34.2"
        },
        "requests-toolbelt": {
            "hashes": [
                "sha256:7681a0a3d047012b5bdc0ee37d7f8f07ebe76ab08caeccfc3921ce23c88d5bc6",
                "sha256:cccfdd665f0a24fcf4726e690f65639d272bb0637b9b92dfd91a5568ccf6bd06"
            ],
            "index": "pypi",
            "markers": "python_version >= '2.7' and python_version not in '3.0, 3.1, 3.2, 3.3'",
            "version": "==1.0.0"
        },
        "urllib3": {
            "hashes": [
                "sha256:231e0ec3b63ceb14667c67be60f2f2c40a518cb38b03af60abc813da26505f4c",
                "sha256:9fb4c81ebbb1ce9531cce37674bbc6f1360472bc18ca9a553ede278ef7276897"
            ],
            "markers": "python_version >= '3.10'",
            "version": "==2.7.0"
        },
        "xmltodict": {
            "hashes": [
                "sha256:6d94c9f834dd9e44514162799d344d815a3a4faec913717a9ecbfa5be1bb8e61",
                "sha256:a4a00d300b0e1c59fc2bfccb53d7b2e88c32f200df138a0dd2229f842497026a"
            ],
            "index": "pypi",
            "markers": "python_version >= '3.9'",
            "version": "==1.0.4"
        }
    },
    "develop": {
        "alabaster": {
            "hashes": [
                "sha256:c00dca57bca26fa62a6d7d0a9fcce65f3e026e9bfe33e9c538fd3fbb2144fd9e",
                "sha256:fc6786402dc3fcb2de3cabd5fe455a2db534b371124f1f21de8731783dec828b"
            ],
            "markers": "python_version >= '3.10'",
            "version": "==1.0.0"
        },
        "asttokens": {
            "hashes": [
                "sha256:15a3ebc0f43c2d0a50eeafea25e19046c68398e487b9f1f5b517f7c0f40f976a",
                "sha256:71a4ee5de0bde6a31d64f6b13f2293ac190344478f081c3d1bccfcf5eacb0cb7"
            ],
            "markers": "python_version >= '3.8'",
            "version": "==3.0.1"
        },
        "babel": {
            "hashes": [
                "sha256:b80b99a14bd085fcacfa15c9165f651fbb3406e66cc603abf11c5750937c992d",
                "sha256:e2b422b277c2b9a9630c1d7903c2a00d0830c409c59ac8cae9081c92f1aeba35"
            ],
            "markers": "python_version >= '3.8'",
            "version": "==2.18.0"
        },
        "certifi": {
            "hashes": [
                "sha256:024c88eeec92ca068db80f02b8b07c9cef7b9fe261d1d535abfd5abd6f6af432",
                "sha256:2227dcbaafe0d2f59279d1762ddddc37783ed4354594f194ffc31d20f41fc3db"
            ],
            "markers": "python_version >= '3.7'",
            "version": "==2026.6.17"
        },
        "charset-normalizer": {
            "hashes": [
                "sha256:0317406326fed512f42a1632ad91a96228a7616c06547666a6dd79967f1bd6ca",
                "sha256:057f8609f7341618c98e5aa9a6109fa116acff2a658497d47ab3325b5e8f2b08",
                "sha256:05811b76943d477bb90822dedb5c4565cef70148847a59d574e2b35043aeb563",
                "sha256:06238276da3d880d858a4221d6b968bccc18ca3cbe71f6c5c2de86abb7929ffe",
                "sha256:0752c849b51198267df2aba013c4de3a2955bd014a4fd70828809946c1acbc0c",
                "sha256:0c926329a1df7cd56d7d8349fe354460d20aefd2e394c9e159e479d018b2b359",
                "sha256:0ca66f45d56ac15f1f6799334d9be44c6ded6d36cc6cbaaa25f96f64bae8d861",
                "sha256:0d08f2b7171517aa86ddf0eaba25bc7ac8576d401f2da8764403cf0e876f796b",
                "sha256:0d869b0ca97fccee19e6c3304cc2b6e771ba9205e3e44427b9529c288f517fb8",
                "sha256:1004c3b5831a301dadfb9e916f38e78e2ff3e08db24a1ad7c354db8ee3dea9c3",
                "sha256:14a4bbe066f3fb05c6ba70e9cf9d34614b57a2fd70ea8c27cc30f34155e16a58",
                "sha256:1936e48214adea74922a20c8ab41b1393ae27cc9e329eb1f0b937d3416824f36",
                "sha256:1a73dce145956ff798968aea0478f905c8e43715ea0af995ebaaefca2c1270c8",
                "sha256:1bfd4bf262d6f26805cc6a32dae2554db66ef7533e6c62cc12644d3882be05e5",
                "sha256:1c16cb4fc35e4b064f5ee78d849f15a550ada1729c3372916672e38f1f01d1d4",
                "sha256:1cd73e9f7d506568f602169dce4f27f8188d59b9d67a440975ca2623494abae7",
                "sha256:1f8e3521860187d597f3867d8466da225b9179ea2833bb26de1bb026144d07c3",
                "sha256:21e4dbb942c8a6342e2685f232dd2a7bc73465697bd26ead4f118271d28be383",
                "sha256:2232baea80a2b01783679fed4e625ccdb19a974f44c9cf0fba21a777a4c8179c",
                "sha256:23c40d25fe581d34ff0ef7ff1ca1527f5c51c5c6edf0b8384eeafac4a0438469",
                "sha256:23ed6db469275bff3ef7617ddda52ae35f385a915ae0bc8858500e360e111523",
                "sha256:25f93d194eb6264c64416cabff46a91f6d99b97e7525a1b4f35c77a99e75cc68",
                "sha256:2970b9f7ab69ec3a0423ec6b6ac718e79fbf4a282c0bc103ef88c1ef50dfa15a",
                "sha256:2a4707e09eca11e81ece4fced600c5a0a801f568b962244f6f517bc274745fc9",
                "sha256:2b5b0c0dca0a02c3f816f89abf18af3d20416dedbc3d3aa5f3981045f88ae7b0",
                "sha256:2e9f0db12ea28a3349e514443fc56d4b1fb3c81d0f9c0e33dacfdfc2ac63f774",
                "sha256:2fbd0edb0426ab28e70fac9d1d4ef549eb5a64a2521f0428c441d75e4387e6c2",
                "sha256:30b8e00869449b0baf2eaef48a0aefff4372e792ee6c00e03561cecb4fecd2fd",
                "sha256:324170f5221b21c5f3ea31e668a2b27887f3cd4196b00c01be88feeeff6626cf",
                "sha256:35d9e7a9c960520ae89d1f4e305d1c047a74dea2e0f73a0e84f879356c2e8776",
                "sha256:3731936f612754018aeb99fafc4381b6d80ed9165f2dba719c4e1afca0177048",
                "sha256:3809ba5d3cd02aca0894597f2669a825bdfe2229061515c128b0f4e5533b4ab5",
                "sha256:3868a3e4ec1e40b419e060d063f93eac6f046fa21426c4816421223ae7dc8ab8",
                "sha256:3c0086d97094363556206dc3bcf43f7edcfc043ea7a568a46f45efea74858bd1",
                "sha256:3eaee88c39b7bb2fd0708dedadbacd7b74d6d34323f2b1a57bb3ab547a7ea4a4",
                "sha256:42f568c1c4e6f037c1167c64d48eb205380d9f041ca0139763ba8fc1bcdbcd2b",
                "sha256:44464e66f4da2f21dea7145c7693f9f60717ca4794a954dea5bf8c2c932678bd",
                "sha256:458c2972a78043b7261c9726670029f15f722e70669bcbe961153a01968f589f",
                "sha256:4b1f25c6e376033f31463d66f8bb01ae77a128ca11c6677c69ed8e9ce913bbf9",
                "sha256:50a0c2e58ad2c203adb616fef28941b7e13716adbc25e0dfaeec29f5afe6382f",
                "sha256:511851c35e4ec8f4be773acd2c0222a7ec6b63971fea8988103632896f174b4b",
                "sha256:524939917f17f6de502dfda30b472550965740d7f126659d4c4f8dd1569cce22",
                "sha256:593403fc47dcdf55e2987b2e3cc2e064127e2b908929f1f18b2e4a4652cbd780",
                "sha256:5b56f449132d9adefe55b87635d05177a914ed5d070438a74725e1d77a280002",
                "sha256:606088e9fa2b7469ab9c42d4da8e05a415622a07714edd2fcd8fed48dda4c853",
                "sha256:60883e22821d17c9e5b4f3ca1ef8074f766e3db28791f851b665929c515635c0",
                "sha256:6187d0eedbcf1733aa0ee55185e7c33d9f6a4fe8f54c1356583243f37b0debc0",
                "sha256:65c389b96c0cfff3a3f0458fa1c7ce554a30e23101a88a49f03997afce6a929f",
                "sha256:66c9eaaba3d5b84ca5e5e4a890dc3ff67616d074220a5c7ca1dc8812c5ae5703",
                "sha256:6809e40a8876eb4742676fbbb57056c0344ef2555e5597d4343f0b365953afdd",
                "sha256:6a6d86d1f710bf0423887a1c6ab497ad2cf7f803e8eaafa7ccbfb53d2a965fd0",
                "sha256:6a8e6b9024c62414617cf7b679a6fd833dda428e11e933927193153aa9f0019a",
                "sha256:6e88da593ea098194ea08f58924b716a9ae0c39058edad8c5c9b0bafa39fbd56",
                "sha256:7570a4b695cc6375061393e2e6774813b9682a88b4970878183d1c91eb277e0e",
                "sha256:77e993ecf65f21ab1f82266ff5e84a7de2c879e7d9b8bc006009df83f22a1d5e",
                "sha256:79e402b869f270140afa5e2b0e2ac100585358d812fe3dd093d424f7a72964e0",
                "sha256:815654d356a29fc9185c7f60c9dc0175d7ae52800b3ea228b046a30468f5a0a6",
                "sha256:825e5c2fb57d2065250e12dfeb414d780e7da242b371d5a78814d3ef40d63fde",
                "sha256:84bcae14c65e645ca66b661339183d32b8c846a17c96e3e81ab3d346e1c498d4",
                "sha256:8a1e589fdb95c76f08288bbb346230cdd8994db74903db6637b380f7b5fc9336",
                "sha256:8b654b6f52a0a9a6be38e88f3e1dc68f1093ebeb2abbadafc7c82da0786a34be",
                "sha256:8ca83574f63f71b485da1c50d4e17bcef7375a56b459a861562554f1fbaac1a4",
                "sha256:8ea67f427c073ae3da0923aa55f3715131fa613a61a7f2f8d762bde75eaf00ae",
                "sha256:91db7d66b7230e9af0a539062ccfc854640572ce6c07d7113b1ff9607ac1ba79",
                "sha256:92e322b054c7ff886f78feab7360736bb45de2e18cf4a0ee84e8fc5a08d53a19",
                "sha256:9421549d803f0f712aa6e1496d15ff5ac510fc4c7104e7e299ea1d498d582d59",
                "sha256:9840cca6969a7e35498f1ce6fc32b7842500783d303b5ab254679a0f591093c4",
                "sha256:98a91c8dce056a858385cf147eb196ae4d2b35315c2bfc8151ff4027707247e1",
                "sha256:9a2748f7588b0c1e5166db3a9448fe86e392479aded89b0c86382d41cade91a2",
                "sha256:9e44127f7d11eee4548ad2cdf1f4e1b6eaaddd5cb92d15ad65f6ecc9bcf403ab",
                "sha256:a4508989ba8e2ce43ef989453d18188b261546e8188cbdd4ef451fb9e4c3b467",
                "sha256:a922bb43ee1742513e410df4bb62ef44c94b82efba51ce9297cac1ba39cc8bfd",
                "sha256:ab07eb7b564635602734c3ef0e8d2db9d59cbbce54f5dc42b8f11aa1f56ce364",
                "sha256:ac961d07606d72a34755cd7114a6d17487d057b02e8447122f2294b59802b30d",
                "sha256:ad320cccde0bbe430fe3a0e5ef3f17b16ef7cfe496603d7b3a153aa204e093e5",
                "sha256:b27d43e75185d75449559a29dca37e656a75ae08d2e750d40439d37c8d6210f5",
                "sha256:b3d7c887444c5a7ef0d68d358d81e758a850bc626f8e639e2ca5667153272b20",
                "sha256:b4e4d44b8287aa13a25e16e29393d494b0643b24894f7c8266c6f6788dd36337",
                "sha256:b67d50ee47e5c57a0064a9cb575b963a7125819dfd1fd094d44d378fff94659b",
                "sha256:b7c1fb310df524e01fbe84d43b7f95aa4f808f8eaa0dafc185f64ba395e37d54",
                "sha256:ba191a019f567339cff1cf861e311a5c442477d91f2ece3ad683f7b004976aae",
                "sha256:bae1f52a68a5dcc1fcb65db69895638654be9a45716c47a5a192552a52925662",
                "sha256:bb90317359f7e67bb6df615999a95e0980877468e617ddce8b6c2f8e7fe60d95",
                "sha256:bde2fd87539f4a023ae8d699f51cd3d359ba79a42953fc03afde80bedf52ffc0",
                "sha256:c591f9a82adc5b89a039b90df74e43de2b9177fb46771172bed7b80722a70db0",
                "sha256:ca832d525a2a52542048111cb44e0dea595b9ad53ad542020aa770f308427b92",
                "sha256:ca8776b012d464136c239f51133120db94397bc69f3faee404ff8c99827f8192",
                "sha256:ccb9052771216170015f810b88065fd9e13b1e0b391f92abb9b47e0919a42aad",
                "sha256:d2d5a250ee26e29468b7607d97479221b069fa8aaf6f929ac84ec0e962e15154",
                "sha256:d9bf144d6faf12c70d58e47f7512992ae2882b820031d6cef68152deb645bf2d",
                "sha256:dafb42a6c88e32887ff08fe1e2d90a3f97e5b68d175e0cc4352a8d7a7967f767",
                "sha256:de63c31666a049f653ada24e800192e3c019e96bc7d70fb449a000bccf26a36f",
                "sha256:dfce5e536054cf15a14576ecb08913e2e9ceff4cc1da2919694cdb2b45b5c64f",
                "sha256:e38edde6379af48ed4b2d27ca550dd87c67be92634794a5d6bf37bf7f1bae857",
                "sha256:e787c695c6be73c17e7e9f76e6d134205ff3282ce0e77ba2fda1ca90162f01c1",
                "sha256:e88c08c417416011982ca268812437fadb109852a405876ccae0409d150d857e",
                "sha256:ee6a62492f18d432cca031fabd158f400a8c25bf7b9458f50953393a2a23d97a",
                "sha256:f191c19a32dc6cec0fb8079789d786254653a9ce906fcab04ccd2eed07bba233",
                "sha256:f2bd1869ae6cd2793e51bfacebd1495595c1c007c2dfcfd6874b4a804f29bc7c",
                "sha256:f44633a518ef0889dc7e28dde2e18616f8e932e2d17d9c9ccdbbef40aa3a6794",
                "sha256:f68545d1b267dbfafd5d253b6d1cb161562c4e61ab25b5c4cdb7d9e5923e441e",
                "sha256:faac37c4904598daa00cb4c9b32f3b4cc814fb5f145d7a531ceb4a70f2114132",
                "sha256:fc67b103ed826abf819f35b030cbc0eb70ecc87e97f75f461cec18c9d2bffb53",
                "sha256:fe5f2eaae114c077b7a39bc7530219249b77f5de805f775ed2d51bd3689986ca",
                "sha256:ff71018850863362e5c7533769d0a9f77715c31af1502d523630ce822922f5c9"
            ],
            "markers": "python_version >= '3.7'",
            "version": "==3.4.8"
        },
        "decorator": {
            "hashes": [
                "sha256:4cbcdd55a6efadb9dbea26b858f4fb3264567b52d69ca0d25b721b553f60ea82",
                "sha256:f47fe6fdbd2edd623ecfe36875d37aba411624e2670dd395dddae1358689bb3c"
            ],
            "markers": "python_version >= '3.8'",
            "version": "==5.3.1"
        },
        "docutils": {
            "hashes": [
                "sha256:4db53b1fde9abecbb74d91230d32ab626d94f6badfc575d6db9194a49df29968",
                "sha256:d0013f540772d1420576855455d050a2180186c91c15779301ac2ccb3eeb68de"
            ],
            "markers": "python_version >= '3.9'",
            "version": "==0.22.4"
        },
        "executing": {
            "hashes": [
                "sha256:3632cc370565f6648cc328b32435bd120a1e4ebb20c77e3fdde9a13cd1e533c4",
                "sha256:760643d3452b4d777d295bb167ccc74c64a81df23fb5e08eff250c425a4b2017"
            ],
            "markers": "python_version >= '3.8'",
            "version": "==2.2.1"
        },
        "flake8": {
            "hashes": [
                "sha256:b9696257b9ce8beb888cdbe31cf885c90d31928fe202be0889a7cdafad32f01e",
                "sha256:fe044858146b9fc69b551a4b490d69cf960fcb78ad1edcb84e7fbb1b4a8e3872"
            ],
            "index": "pypi",
            "markers": "python_version >= '3.9'",
            "version": "==7.3.0"
        },
        "idna": {
            "hashes": [
                "sha256:7f952cbe720b688055e3f87de14f5c3e5fdaa8bc3928985c4077ca689de849a2",
                "sha256:ffb385a7e039654cef1ab9ef32c6fafe283c0c0467bba1d9029738ce4a14a848"
            ],
            "markers": "python_version >= '3.9'",
            "version": "==3.18"
        },
        "imagesize": {
            "hashes": [
                "sha256:5667c5bbb57ab3f1fa4bc366f4fbc971db3d5ed011fd2715fd8001f782718d96",
                "sha256:8e8358c4a05c304f1fccf7ff96f036e7243a189e9e42e90851993c558cfe9ee3"
            ],
            "markers": "python_version >= '3.10' and python_version < '3.15'",
            "version": "==2.0.0"
        },
        "iniconfig": {
            "hashes": [
                "sha256:c76315c77db068650d49c5b56314774a7804df16fee4402c1f19d6d15d8c4730",
                "sha256:f631c04d2c48c52b84d0d0549c99ff3859c98df65b3101406327ecc7d53fbf12"
            ],
            "markers": "python_version >= '3.10'",
            "version": "==2.3.0"
        },
        "ipython": {
            "hashes": [
                "sha256:515ad9c3cdf0c932a5a9f6245419e8aba706b7bd03c3e1d3a1c83d9351d6aa6e",
                "sha256:da2819ce2aa83135257df830660b1176d986c3d2876db24df01974fa955b2756"
            ],
            "index": "pypi",
            "markers": "python_version >= '3.11'",
            "version": "==9.15.0"
        },
        "ipython-pygments-lexers": {
            "hashes": [
                "sha256:09c0138009e56b6854f9535736f4171d855c8c08a563a0dcd8022f78355c7e81",
                "sha256:a9462224a505ade19a605f71f8fa63c2048833ce50abc86768a0d81d876dc81c"
            ],
            "markers": "python_version >= '3.8'",
            "version": "==1.1.1"
        },
        "jedi": {
            "hashes": [
                "sha256:7bdd9c2634f56713299976f4cbd59cb3fa92165cc5e05ea811fb253480728b67",
                "sha256:c3f4ccbd276696f4b19c54618d4fb18f9fc24b0aef02acf704b23f487daa1011"
            ],
            "markers": "python_version >= '3.10'",
            "version": "==0.20.0"
        },
        "jinja2": {
            "hashes": [
                "sha256:0137fb05990d35f1275a587e9aee6d56da821fc83491a0fb838183be43f66d6d",
                "sha256:85ece4451f492d0c13c5dd7c13a64681a86afae63a5f347908daf103ce6d2f67"
            ],
            "markers": "python_version >= '3.7'",
            "version": "==3.1.6"
        },
        "markupsafe": {
            "hashes": [
                "sha256:0303439a41979d9e74d18ff5e2dd8c43ed6c6001fd40e5bf2e43f7bd9bbc523f",
                "sha256:068f375c472b3e7acbe2d5318dea141359e6900156b5b2ba06a30b169086b91a",
                "sha256:0bf2a864d67e76e5c9a34dc26ec616a66b9888e25e7b9460e1c76d3293bd9dbf",
                "sha256:0db14f5dafddbb6d9208827849fad01f1a2609380add406671a26386cdf15a19",
                "sha256:0eb9ff8191e8498cca014656ae6b8d61f39da5f95b488805da4bb029cccbfbaf",
                "sha256:0f4b68347f8c5eab4a13419215bdfd7f8c9b19f2b25520968adfad23eb0ce60c",
                "sha256:1085e7fbddd3be5f89cc898938f42c0b3c711fdcb37d75221de2666af647c175",
                "sha256:116bb52f642a37c115f517494ea5feb03889e04df47eeff5b130b1808ce7c219",
                "sha256:12c63dfb4a98206f045aa9563db46507995f7ef6d83b2f68eda65c307c6829eb",
                "sha256:133a43e73a802c5562be9bbcd03d090aa5a1fe899db609c29e8c8d815c5f6de6",
                "sha256:1353ef0c1b138e1907ae78e2f6c63ff67501122006b0f9abad68fda5f4ffc6ab",
                "sha256:15d939a21d546304880945ca1ecb8a039db6b4dc49b2c5a400387cdae6a62e26",
                "sha256:177b5253b2834fe3678cb4a5f0059808258584c559193998be2601324fdeafb1",
                "sha256:1872df69a4de6aead3491198eaf13810b565bdbeec3ae2dc8780f14458ec73ce",
                "sha256:1b4b79e8ebf6b55351f0d91fe80f893b4743f104bff22e90697db1590e47a218",
                "sha256:1b52b4fb9df4eb9ae465f8d0c228a00624de2334f216f178a995ccdcf82c4634",
                "sha256:1ba88449deb3de88bd40044603fafffb7bc2b055d626a330323a9ed736661695",
                "sha256:1cc7ea17a6824959616c525620e387f6dd30fec8cb44f649e31712db02123dad",
                "sha256:218551f6df4868a8d527e3062d0fb968682fe92054e89978594c28e642c43a73",
                "sha256:26a5784ded40c9e318cfc2bdb30fe164bdb8665ded9cd64d500a34fb42067b1c",
                "sha256:2713baf880df847f2bece4230d4d094280f4e67b1e813eec43b4c0e144a34ffe",
                "sha256:2a15a08b17dd94c53a1da0438822d70ebcd13f8c3a95abe3a9ef9f11a94830aa",
                "sha256:2f981d352f04553a7171b8e44369f2af4055f888dfb147d55e42d29e29e74559",
                "sha256:32001d6a8fc98c8cb5c947787c5d08b0a50663d139f1305bac5885d98d9b40fa",
                "sha256:3524b778fe5cfb3452a09d31e7b5adefeea8c5be1d43c4f810ba09f2ceb29d37",
                "sha256:3537e01efc9d4dccdf77221fb1cb3b8e1a38d5428920e0657ce299b20324d758",
                "sha256:35add3b638a5d900e807944a078b51922212fb3dedb01633a8defc4b01a3c85f",
                "sha256:38664109c14ffc9e7437e86b4dceb442b0096dfe3541d7864d9cbe1da4cf36c8",
                "sha256:3a7e8ae81ae39e62a41ec302f972ba6ae23a5c5396c8e60113e9066ef893da0d",
                "sha256:3b562dd9e9ea93f13d53989d23a7e775fdfd1066c33494ff43f5418bc8c58a5c",
                "sha256:457a69a9577064c05a97c41f4e65148652db078a3a509039e64d3467b9e7ef97",
                "sha256:4bd4cd07944443f5a265608cc6aab442e4f74dff8088b0dfc8238647b8f6ae9a",
                "sha256:4e885a3d1efa2eadc93c894a21770e4bc67899e3543680313b09f139e149ab19",
                "sha256:4faffd047e07c38848ce017e8725090413cd80cbc23d86e55c587bf979e579c9",
                "sha256:509fa21c6deb7a7a273d629cf5ec029bc209d1a51178615ddf718f5918992ab9",
                "sha256:5678211cb9333a6468fb8d8be0305520aa073f50d17f089b5b4b477ea6e67fdc",
                "sha256:591ae9f2a647529ca990bc681daebdd52c8791ff06c2bfa05b65163e28102ef2",
                "sha256:5a7d5dc5140555cf21a6fefbdbf8723f06fcd2f63ef108f2854de715e4422cb4",
                "sha256:69c0b73548bc525c8cb9a251cddf1931d1db4d2258e9599c28c07ef3580ef354",
                "sha256:6b5420a1d9450023228968e7e6a9ce57f65d148ab56d2313fcd589eee96a7a50",
                "sha256:722695808f4b6457b320fdc131280796bdceb04ab50fe1795cd540799ebe1698",
                "sha256:729586769a26dbceff69f7a7dbbf59ab6572b99d94576a5592625d5b411576b9",
                "sha256:77f0643abe7495da77fb436f50f8dab76dbc6e5fd25d39589a0f1fe6548bfa2b",
                "sha256:795e7751525cae078558e679d646ae45574b47ed6e7771863fcc079a6171a0fc",
                "sha256:7be7b61bb172e1ed687f1754f8e7484f1c8019780f6f6b0786e76bb01c2ae115",
                "sha256:7c3fb7d25180895632e5d3148dbdc29ea38ccb7fd210aa27acbd1201a1902c6e",
                "sha256:7e68f88e5b8799aa49c85cd116c932a1ac15caaa3f5db09087854d218359e485",
                "sha256:83891d0e9fb81a825d9a6d61e3f07550ca70a076484292a70fde82c4b807286f",
                "sha256:8485f406a96febb5140bfeca44a73e3ce5116b2501ac54fe953e488fb1d03b12",
                "sha256:8709b08f4a89aa7586de0aadc8da56180242ee0ada3999749b183aa23df95025",
                "sha256:8f71bc33915be5186016f675cd83a1e08523649b0e33efdb898db577ef5bb009",
                "sha256:915c04ba3851909ce68ccc2b8e2cd691618c4dc4c4232fb7982bca3f41fd8c3d",
                "sha256:949b8d66bc381ee8b007cd945914c721d9aba8e27f71959d750a46f7c282b20b",
                "sha256:94c6f0bb423f739146aec64595853541634bde58b2135f27f61c1ffd1cd4d16a",
                "sha256:9a1abfdc021a164803f4d485104931fb8f8c1efd55bc6b748d2f5774e78b62c5",
                "sha256:9b79b7a16f7fedff2495d684f2b59b0457c3b493778c9eed31111be64d58279f",
                "sha256:a320721ab5a1aba0a233739394eb907f8c8da5c98c9181d1161e77a0c8e36f2d",
                "sha256:a4afe79fb3de0b7097d81da19090f4df4f8d3a2b3adaa8764138aac2e44f3af1",
                "sha256:ad2cf8aa28b8c020ab2fc8287b0f823d0a7d8630784c31e9ee5edea20f406287",
                "sha256:b8512a91625c9b3da6f127803b166b629725e68af71f8184ae7e7d54686a56d6",
                "sha256:bc51efed119bc9cfdf792cdeaa4d67e8f6fcccab66ed4bfdd6bde3e59bfcbb2f",
                "sha256:bdc919ead48f234740ad807933cdf545180bfbe9342c2bb451556db2ed958581",
                "sha256:bdd37121970bfd8be76c5fb069c7751683bdf373db1ed6c010162b2a130248ed",
                "sha256:be8813b57049a7dc738189df53d69395eba14fb99345e0a5994914a3864c8a4b",
                "sha256:c0c0b3ade1c0b13b936d7970b1d37a57acde9199dc2aecc4c336773e1d86049c",
                "sha256:c47a551199eb8eb2121d4f0f15ae0f923d31350ab9280078d1e5f12b249e0026",
                "sha256:c4ffb7ebf07cfe8931028e3e4c85f0357459a3f9f9490886198848f4fa002ec8",
                "sha256:ccfcd093f13f0f0b7fdd0f198b90053bf7b2f02a3927a30e63f3ccc9df56b676",
                "sha256:d2ee202e79d8ed691ceebae8e0486bd9a2cd4794cec4824e1c99b6f5009502f6",
                "sha256:d53197da72cc091b024dd97249dfc7794d6a56530370992a5e1a08983ad9230e",
                "sha256:d6dd0be5b5b189d31db7cda48b91d7e0a9795f31430b7f271219ab30f1d3ac9d",
                "sha256:d88b440e37a16e651bda4c7c2b930eb586fd15ca7406cb39e211fcff3bf3017d",
                "sha256:de8a88e63464af587c950061a5e6a67d3632e36df62b986892331d4620a35c01",
                "sha256:df2449253ef108a379b8b5d6b43f4b1a8e81a061d6537becd5582fba5f9196d7",
                "sha256:e1c1493fb6e50ab01d20a22826e57520f1284df32f2d8601fdd90b6304601419",
                "sha256:e1cf1972137e83c5d4c136c43ced9ac51d0e124706ee1c8aa8532c1287fa8795",
                "sha256:e2103a929dfa2fcaf9bb4e7c091983a49c9ac3b19c9061b6d5427dd7d14d81a1",
                "sha256:e56b7d45a839a697b5eb268c82a71bd8c7f6c94d6fd50c3d577fa39a9f1409f5",
                "sha256:e8afc3f2ccfa24215f8cb28dcf43f0113ac3c37c2f0f0806d8c70e4228c5cf4d",
                "sha256:e8fc20152abba6b83724d7ff268c249fa196d8259ff481f3b1476383f8f24e42",
                "sha256:eaa9599de571d72e2daf60164784109f19978b327a3910d3e9de8c97b5b70cfe",
                "sha256:ec15a59cf5af7be74194f7ab02d0f59a62bdcf1a537677ce67a2537c9b87fcda",
                "sha256:f190daf01f13c72eac4efd5c430a8de82489d9cff23c364c3ea822545032993e",
                "sha256:f34c41761022dd093b4b6896d4810782ffbabe30f2d443ff5f083e0cbbb8c737",
                "sha256:f3e98bb3798ead92273dc0e5fd0f31ade220f59a266ffd8a4f6065e0a3ce0523",
                "sha256:f42d0984e947b8adf7dd6dde396e720934d12c506ce84eea8476409563607591",
                "sha256:f71a396b3bf33ecaa1626c255855702aca4d3d9fea5e051b41ac59a9c1c41edc",
                "sha256:f9e130248f4462aaa8e2552d547f36ddadbeaa573879158d721bbd33dfe4743a",
                "sha256:fed51ac40f757d41b7c48425901843666a6677e3e8eb0abcff09e4ba6e664f50"
            ],
            "markers": "python_version >= '3.9'",
            "version": "==3.0.3"
        },
        "matplotlib-inline": {
            "hashes": [
                "sha256:3c821cf1c209f59fb2d2d64abbf5b23b67bcb2210d663f9918dd851c6da1fcf6",
                "sha256:72f3fe8fce36b70d4a5b612f899090cd0401deddc4ea90e1572b9f4bfb058c79"
            ],
            "markers": "python_version >= '3.9'",
            "version": "==0.2.2"
        },
        "mccabe": {
            "hashes": [
                "sha256:348e0240c33b60bbdf4e523192ef919f28cb2c3d7d5c7794f74009290f236325",
                "sha256:6c2d30ab6be0e4a46919781807b4f0d834ebdd6c6e3dca0bda5a15f863427b6e"
            ],
            "markers": "python_version >= '3.6'",
            "version": "==0.7.0"
        },
        "packaging": {
            "hashes": [
                "sha256:5fc45236b9446107ff2415ce77c807cee2862cb6fac22b8a73826d0693b0980e",
                "sha256:ff452ff5a3e828ce110190feff1178bb1f2ea2281fa2075aadb987c2fb221661"
            ],
            "markers": "python_version >= '3.8'",
            "version": "==26.2"
        },
        "parso": {
            "hashes": [
                "sha256:a8926eb2a1b915486941fdbd31e86a4baf88fe8c210f25f2f35ecec5b574ca1c",
                "sha256:eaaac4c9fdd5e9e8852dc778d2d7405897ec510f2a298071453e5e3a07914bb1"
            ],
            "markers": "python_version >= '3.6'",
            "version": "==0.8.7"
        },
        "pexpect": {
            "hashes": [
                "sha256:7236d1e080e4936be2dc3e326cec0af72acf9212a7e1d060210e70a47e253523",
                "sha256:ee7d41123f3c9911050ea2c2dac107568dc43b2d3b0c7557a33212c398ead30f"
            ],
            "markers": "sys_platform != 'win32' and sys_platform != 'emscripten'",
            "version": "==4.9.0"
        },
        "pluggy": {
            "hashes": [
                "sha256:7dcc130b76258d33b90f61b658791dede3486c3e6bfb003ee5c9bfb396dd22f3",
                "sha256:e920276dd6813095e9377c0bc5566d94c932c33b27a3e3945d8389c374dd4746"
            ],
            "markers": "python_version >= '3.9'",
            "version": "==1.6.0"
        },
        "prompt-toolkit": {
            "hashes": [
                "sha256:28cde192929c8e7321de85de1ddbe736f1375148b02f2e17edd840042b1be855",
                "sha256:9aac639a3bbd33284347de5ad8d68ecc044b91a762dc39b7c21095fcd6a19955"
            ],
            "markers": "python_version >= '3.8'",
            "version": "==3.0.52"
        },
        "psutil": {
            "hashes": [
                "sha256:0746f5f8d406af344fd547f1c8daa5f5c33dbc293bb8d6a16d80b4bb88f59372",
                "sha256:076a2d2f923fd4821644f5ba89f059523da90dc9014e85f8e45a5774ca5bc6f9",
                "sha256:11fe5a4f613759764e79c65cf11ebdf26e33d6dd34336f8a337aa2996d71c841",
                "sha256:1a571f2330c966c62aeda00dd24620425d4b0cc86881c89861fbc04549e5dc63",
                "sha256:1a7b04c10f32cc88ab39cbf606e117fd74721c831c98a27dc04578deb0c16979",
                "sha256:1fa4ecf83bcdf6e6c8f4449aff98eefb5d0604bf88cb883d7da3d8d2d909546a",
                "sha256:2edccc433cbfa046b980b0df0171cd25bcaeb3a68fe9022db0979e7aa74a826b",
                "sha256:7b6d09433a10592ce39b13d7be5a54fbac1d1228ed29abc880fb23df7cb694c9",
                "sha256:8c233660f575a5a89e6d4cb65d9f938126312bca76d8fe087b947b3a1aaac9ee",
                "sha256:917e891983ca3c1887b4ef36447b1e0873e70c933afc831c6b6da078ba474312",
                "sha256:ab486563df44c17f5173621c7b198955bd6b613fb87c71c161f827d3fb149a9b",
                "sha256:ae0aefdd8796a7737eccea863f80f81e468a1e4cf14d926bd9b6f5f2d5f90ca9",
                "sha256:b0726cecd84f9474419d67252add4ac0cd9811b04d61123054b9fb6f57df6e9e",
                "sha256:b58fabe35e80b264a4e3bb23e6b96f9e45a3df7fb7eed419ac0e5947c61e47cc",
                "sha256:c7663d4e37f13e884d13994247449e9f8f574bc4655d509c3b95e9ec9e2b9dc1",
                "sha256:e452c464a02e7dc7822a05d25db4cde564444a67e58539a00f929c51eddda0cf",
                "sha256:e78c8603dcd9a04c7364f1a3e670cea95d51ee865e4efb3556a3a63adef958ea",
                "sha256:eb7e81434c8d223ec4a219b5fc1c47d0417b12be7ea866e24fb5ad6e84b3d988",
                "sha256:ed0cace939114f62738d808fdcecd4c869222507e266e574799e9c0faa17d486",
                "sha256:eed63d3b4d62449571547b60578c5b2c4bcccc5387148db46e0c2313dad0ee00",
                "sha256:fd04ef36b4a6d599bbdb225dd1d3f51e00105f6d48a28f006da7f9822f2606d8"
            ],
            "markers": "python_version >= '3.6'",
            "version": "==7.2.2"
        },
        "ptyprocess": {
            "hashes": [
                "sha256:4b41f3967fce3af57cc7e94b888626c18bf37a083e3651ca8feeb66d492fef35",
                "sha256:5c5d0a3b48ceee0b48485e0c26037c0acd7d29765ca3fbb5cb3831d347423220"
            ],
            "version": "==0.7.0"
        },
        "pure-eval": {
            "hashes": [
                "sha256:1db8e35b67b3d218d818ae653e27f06c3aa420901fa7b081ca98cbedc874e0d0",
                "sha256:5f4e983f40564c576c7c8635ae88db5956bb2229d7e9237d03b3c0b0190eaf42"
            ],
            "version": "==0.2.3"
        },
        "pycodestyle": {
            "hashes": [
                "sha256:c4b5b517d278089ff9d0abdec919cd97262a3367449ea1c8b49b91529167b783",
                "sha256:dd6bf7cb4ee77f8e016f9c8e74a35ddd9f67e1d5fd4184d86c3b98e07099f42d"
            ],
            "markers": "python_version >= '3.9'",
            "version": "==2.14.0"
        },
        "pyflakes": {
            "hashes": [
                "sha256:b24f96fafb7d2ab0ec5075b7350b3d2d2218eab42003821c06344973d3ea2f58",
                "sha256:f742a7dbd0d9cb9ea41e9a24a918996e8170c799fa528688d40dd582c8265f4f"
            ],
            "markers": "python_version >= '3.9'",
            "version": "==3.4.0"
        },
        "pygments": {
            "hashes": [
                "sha256:6757cd03768053ff99f3039c1a36d6c0aa0b263438fcab17520b30a303a82b5f",
                "sha256:81a9e26dd42fd28a23a2d169d86d7ac03b46e2f8b59ed4698fb4785f946d0176"
            ],
            "index": "pypi",
            "markers": "python_version >= '3.9'",
            "version": "==2.20.0"
        },
        "pytest": {
            "hashes": [
                "sha256:1088fbde8f2b49d95a549a195707afa7a76a3ce9bcadc26b6d71f0ffda5fe313",
                "sha256:37a86b45efb9a47a61a36449063e8e18d0cab3161329fc099eb21783169c4f0c"
            ],
            "index": "pypi",
            "markers": "python_version >= '3.10'",
            "version": "==9.1.1"
        },
        "pytest-rerunfailures": {
            "hashes": [
                "sha256:8222d17c37eb7b9e4d6fc96a3c724ff4e1a5c97a5cc7cbb2c19e9282cfd21a11",
                "sha256:f69b5beb39622c90d1e44bd945d826eff6db545dcf0b68f52b7e4ad15eaf6d6c"
            ],
            "index": "pypi",
            "markers": "python_version >= '3.10'",
            "version": "==16.4"
        },
        "readthedocs-sphinx-search": {
            "hashes": [
                "sha256:277773bfa28566a86694c08e568d5a648cd80f22826545555a764d6d20c365fb",
                "sha256:58716fd21f01581e6e67bf3bc02e79c77e10dc58b5f8e4c7cc1977e013eda173"
            ],
            "index": "pypi",
            "markers": "python_version >= '3.6'",
            "version": "==0.3.2"
        },
        "requests": {
            "hashes": [
                "sha256:2a0d60c172f83ac6ab31e4554906c0f3b3588d37b5cb939b1c061f4907e278e0",
                "sha256:f288924cae4e29463698d6d60bc6a4da69c89185ad1e0bcc4104f584e960b9ed"
            ],
            "index": "pypi",
            "markers": "python_version >= '3.10'",
            "version": "==2.34.2"
        },
        "roman-numerals": {
            "hashes": [
                "sha256:1af8b147eb1405d5839e78aeb93131690495fe9da5c91856cb33ad55a7f1e5b2",
                "sha256:647ba99caddc2cc1e55a51e4360689115551bf4476d90e8162cf8c345fe233c7"
            ],
            "markers": "python_version >= '3.10'",
            "version": "==4.1.0"
        },
        "setuptools": {
            "hashes": [
                "sha256:025bccbbf0fa05b6192bc64ae1e7b16e001fd6d6d4d5de03c97b1c1ade523bef",
                "sha256:29b23c360f22f414dc7336bb39178cc7bcbf6021ed2733cde173f09dba19abb3"
            ],
            "index": "pypi",
            "markers": "python_version >= '3.10'",
            "version": "==83.0.0"
        },
        "setuptools-scm": {
            "hashes": [
                "sha256:6cc5ac7da8e54d74e43503be2fa023eb7a1ca820d5c318e6ae20efc48110d6c7",
                "sha256:ec8ea1738b92e42146a46e29a0e9de9ad462744c63cf9778677b95dfd605adde"
            ],
            "index": "pypi",
            "markers": "python_version >= '3.8'",
            "version": "==10.2.0"
        },
        "snowballstemmer": {
            "hashes": [
                "sha256:7e207fa178741da09cdee59d3ecec3827ad5f92b1fc5c9ff3755b639f71f5752",
                "sha256:e07bbc54a0d798fe6010a12398422e62a8bfbba95c394fd0956ef58cb4d3e260"
            ],
            "markers": "python_version >= '3.3'",
            "version": "==3.1.1"
        },
        "sphinx": {
            "hashes": [
                "sha256:7741722357dd75f8190766926071fed3bdc211c74dd2d7d4df5404da95930ddb",
                "sha256:c84fdd4e782504495fe4f2c0b3413d6c2bf388589bb352d439b2a3bb99991978"
            ],
            "index": "pypi",
            "markers": "python_version >= '3.12'",
            "version": "==9.1.0"
        },
        "sphinx-rtd-theme": {
            "hashes": [
                "sha256:1785824ae8e6632060490f67cf3a72d404a85d2d9fc26bce3619944de5682b89",
                "sha256:b44276f2c276e909239a4f6c955aa667aaafeb78597923b1c60babc76db78e4c"
            ],
            "index": "pypi",
            "markers": "python_version >= '3.8'",
            "version": "==3.1.0"
        },
        "sphinxcontrib-applehelp": {
            "hashes": [
                "sha256:2f29ef331735ce958efa4734873f084941970894c6090408b079c61b2e1c06d1",
                "sha256:4cd3f0ec4ac5dd9c17ec65e9ab272c9b867ea77425228e68ecf08d6b28ddbdb5"
            ],
            "markers": "python_version >= '3.9'",
            "version": "==2.0.0"
        },
        "sphinxcontrib-devhelp": {
            "hashes": [
                "sha256:411f5d96d445d1d73bb5d52133377b4248ec79db5c793ce7dbe59e074b4dd1ad",
                "sha256:aefb8b83854e4b0998877524d1029fd3e6879210422ee3780459e28a1f03a8a2"
            ],
            "markers": "python_version >= '3.9'",
            "version": "==2.0.0"
        },
        "sphinxcontrib-htmlhelp": {
            "hashes": [
                "sha256:166759820b47002d22914d64a075ce08f4c46818e17cfc9470a9786b759b19f8",
                "sha256:c9e2916ace8aad64cc13a0d233ee22317f2b9025b9cf3295249fa985cc7082e9"
            ],
            "markers": "python_version >= '3.9'",
            "version": "==2.1.0"
        },
        "sphinxcontrib-jquery": {
            "hashes": [
                "sha256:1620739f04e36a2c779f1a131a2dfd49b2fd07351bf1968ced074365933abc7a",
                "sha256:f936030d7d0147dd026a4f2b5a57343d233f1fc7b363f68b3d4f1cb0993878ae"
            ],
            "markers": "python_version >= '2.7'",
            "version": "==4.1"
        },
        "sphinxcontrib-jsmath": {
            "hashes": [
                "sha256:2ec2eaebfb78f3f2078e73666b1415417a116cc848b72e5172e596c871103178",
                "sha256:a9925e4a4587247ed2191a22df5f6970656cb8ca2bd6284309578f2153e0c4b8"
            ],
            "markers": "python_version >= '3.5'",
            "version": "==1.0.1"
        },
        "sphinxcontrib-qthelp": {
            "hashes": [
                "sha256:4fe7d0ac8fc171045be623aba3e2a8f613f8682731f9153bb2e40ece16b9bbab",
                "sha256:b18a828cdba941ccd6ee8445dbe72ffa3ef8cbe7505d8cd1fa0d42d3f2d5f3eb"
            ],
            "markers": "python_version >= '3.9'",
            "version": "==2.0.0"
        },
        "sphinxcontrib-serializinghtml": {
            "hashes": [
                "sha256:6e2cb0eef194e10c27ec0023bfeb25badbbb5868244cf5bc5bdc04e4464bf331",
                "sha256:e9d912827f872c029017a53f0ef2180b327c3f7fd23c87229f7a8e8b70031d4d"
            ],
            "markers": "python_version >= '3.9'",
            "version": "==2.0.0"
        },
        "stack-data": {
            "hashes": [
                "sha256:836a778de4fec4dcd1dcd89ed8abff8a221f58308462e1c4aa2a3cf30148f0b9",
                "sha256:d5558e0c25a4cb0853cddad3d77da9891a08cb85dd9f9f91b9f8cd66e511e695"
            ],
            "version": "==0.6.3"
        },
        "traitlets": {
            "hashes": [
                "sha256:770a53705f84b81ac107e83a1b3328ff2dae16094d8fc3cfc004e4b22dfd8e92",
                "sha256:7b1c07854fe25acb39e009bae49f11b79ff6cbb2f27999104e9110e7a6b53722"
            ],
            "markers": "python_version >= '3.9'",
            "version": "==5.15.1"
        },
        "urllib3": {
            "hashes": [
                "sha256:231e0ec3b63ceb14667c67be60f2f2c40a518cb38b03af60abc813da26505f4c",
                "sha256:9fb4c81ebbb1ce9531cce37674bbc6f1360472bc18ca9a553ede278ef7276897"
            ],
            "markers": "python_version >= '3.10'",
            "version": "==2.7.0"
        },
        "vcs-versioning": {
            "hashes": [
                "sha256:4ac4ded78720cdb4d0291ae58ace87e1e9201912e1023f3029c6cce5c9152cfb",
                "sha256:fe7fb216f8780a5516e7864a9333aacb1b70015b087a9be3918da76ef2760808"
            ],
            "markers": "python_version >= '3.8'",
            "version": "==2.2.2"
        },
        "wcwidth": {
            "hashes": [
                "sha256:91fbef97204b96a3d4d421609b80340b760cf33e26da123ff243d76b1fda8dda",
                "sha256:d63947694a0539a1d51e01eda7caf800c291020e6cdd7e28ad7b14dd33ad4f85"
            ],
            "markers": "python_version >= '3.8'",
            "version": "==0.8.2"
        }
    }
}
